
Microsoft Visual Studio Solution File, Format Version 12.00
# Visual Studio Version 16
VisualStudioVersion = 16.0.29709.97
MinimumVisualStudioVersion = 10.0.40219.1
Project("{FAE04EC0-301F-11D3-BF4B-00C04F79EFBC}") = "KevinAndJustinsBookStore", "KevinAndJustinsBookStore\KevinAndJustinsBookStore.csproj", "{8C6B575A-0A4F-4C58-B43C-71F3DA3978B6}"
EndProject
Global
	GlobalSection(SolutionConfigurationPlatforms) = preSolution
		Debug|Any CPU = Debug|Any CPU
		Release|Any CPU = Release|Any CPU
	EndGlobalSection
	GlobalSection(ProjectConfigurationPlatforms) = postSolution
		{8C6B575A-0A4F-4C58-B43C-71F3DA3978B6}.Debug|Any CPU.ActiveCfg = Debug|Any CPU
		{8C6B575A-0A4F-4C58-B43C-71F3DA3978B6}.Debug|Any CPU.Build.0 = Debug|Any CPU
		{8C6B575A-0A4F-4C58-B43C-71F3DA3978B6}.Release|Any CPU.ActiveCfg = Release|Any CPU
		{8C6B575A-0A4F-4C58-B43C-71F3DA3978B6}.Release|Any CPU.Build.0 = Release|Any CPU
	EndGlobalSection
	GlobalSection(SolutionProperties) = preSolution
		HideSolutionNode = FALSE
	EndGlobalSection
	GlobalSection(ExtensibilityGlobals) = postSolution
		SolutionGuid = {197AC943-BD8F-461D-A54E-4262D8EB9036}
	EndGlobalSection
EndGlobal
